{
  "name": "JSONLoader",
  "version": "1.0.0",
  "lockfileVersion": 1,
  "requires": true,
  "dependencies": {
    "readjson": {
      "version": "1.1.4",
      "resolved": "https://registry.npmjs.org/readjson/-/readjson-1.1.4.tgz",
      "integrity": "sha512-H4dRk2S67w3HtE1apnw5wlHpN9qkJ0pen0AcEvyAfnrPfskZIyUOYLXpfN6olDQZI+eUlxg0Yo4lJ2bymujOUA==",
      "requires": {
        "try-catch": "^2.0.0"
      }
    },
    "try-catch": {
      "version": "2.0.1",
      "resolved": "https://registry.npmjs.org/try-catch/-/try-catch-2.0.1.tgz",
      "integrity": "sha512-LsOrmObN/2WdM+y2xG+t16vhYrQsnV8wftXIcIOWZhQcBJvKGYuamJGwnU98A7Jxs2oZNkJztXlphEOoA0DWqg=="
    }
  }
}
